
Microsoft Visual Studio Solution File, Format Version 12.00
# Visual Studio Version 17
VisualStudioVersion = 17.14.36511.14 d17.14
MinimumVisualStudioVersion = 10.0.40219.1
Project("{FAE04EC0-301F-11D3-BF4B-00C04F79EFBC}") = "forecast-management-system", "forecast-management-system\forecast-management-system.csproj", "{37A0887D-87D4-4BCD-82B0-279EF6E655F1}"
EndProject
Global
	GlobalSection(SolutionConfigurationPlatforms) = preSolution
		Debug|Any CPU = Debug|Any CPU
		Release|Any CPU = Release|Any CPU
	EndGlobalSection
	GlobalSection(ProjectConfigurationPlatforms) = postSolution
		{37A0887D-87D4-4BCD-82B0-279EF6E655F1}.Debug|Any CPU.ActiveCfg = Debug|Any CPU
		{37A0887D-87D4-4BCD-82B0-279EF6E655F1}.Debug|Any CPU.Build.0 = Debug|Any CPU
		{37A0887D-87D4-4BCD-82B0-279EF6E655F1}.Release|Any CPU.ActiveCfg = Release|Any CPU
		{37A0887D-87D4-4BCD-82B0-279EF6E655F1}.Release|Any CPU.Build.0 = Release|Any CPU
	EndGlobalSection
	GlobalSection(SolutionProperties) = preSolution
		HideSolutionNode = FALSE
	EndGlobalSection
	GlobalSection(ExtensibilityGlobals) = postSolution
		SolutionGuid = {9C9A47FD-DA48-482A-99BA-BC2955BECC90}
	EndGlobalSection
EndGlobal
